// !$*UTF8*$!
{
	archiveVersion = 1;
	classes = {
	};
	objectVersion = 55;
	objects = {

/* Begin PBXBuildFile section */
		44F6B37628522E02004B295A /* AppDelegate.swift in Sources */ = {isa = PBXBuildFile; fileRef = 44F6B37528522E02004B295A /* AppDelegate.swift */; };
		44F6B37828522E02004B295A /* SceneDelegate.swift in Sources */ = {isa = PBXBuildFile; fileRef = 44F6B37728522E02004B295A /* SceneDelegate.swift */; };
		44F6B37A28522E02004B295A /* ViewController.swift in Sources */ = {isa = PBXBuildFile; fileRef = 44F6B37928522E02004B295A /* ViewController.swift */; };
		44F6B37D28522E02004B295A /* Main.storyboard in Resources */ = {isa = PBXBuildFile; fileRef = 44F6B37B28522E02004B295A /* Main.storyboard */; };
		44F6B37F28522E03004B295A /* Assets.xcassets in Resources */ = {isa = PBXBuildFile; fileRef = 44F6B37E28522E03004B295A /* Assets.xcassets */; };
		44F6B38228522E03004B295A /* LaunchScreen.storyboard in Resources */ = {isa = PBXBuildFile; fileRef = 44F6B38028522E03004B295A /* LaunchScreen.storyboard */; };
		44F6B38D28522E03004B295A /* About_Me_AppTests.swift in Sources */ = {isa = PBXBuildFile; fileRef = 44F6B38C28522E03004B295A /* About_Me_AppTests.swift */; };
		44F6B39728522E03004B295A /* About_Me_AppUITests.swift in Sources */ = {isa = PBXBuildFile; fileRef = 44F6B39628522E03004B295A /* About_Me_AppUITests.swift */; };
		44F6B39928522E03004B295A /* About_Me_AppUITestsLaunchTests.swift in Sources */ = {isa = PBXBuildFile; fileRef = 44F6B39828522E03004B295A /* About_Me_AppUITestsLaunchTests.swift */; };
/* End PBXBuildFile section */

/* Begin PBXContainerItemProxy section */
		44F6B38928522E03004B295A /* PBXContainerItemProxy */ = {
			isa = PBXContainerItemProxy;
			containerPortal = 44F6B36A28522E01004B295A /* Project object */;
			proxyType = 1;
			remoteGlobalIDString = 44F6B37128522E01004B295A;
			remoteInfo = "About Me App";
		};
		44F6B39328522E03004B295A /* PBXContainerItemProxy */ = {
			isa = PBXContainerItemProxy;
			containerPortal = 44F6B36A28522E01004B295A /* Project object */;
			proxyType = 1;
			remoteGlobalIDString = 44F6B37128522E01004B295A;
			remoteInfo = "About Me App";
		};
/* End PBXContainerItemProxy section */

/* Begin PBXFileReference section */
		44F6B37228522E01004B295A /* About Me App.app */ = {isa = PBXFileReference; explicitFileType = wrapper.application; includeInIndex = 0; path = "About Me App.app"; sourceTree = BUILT_PRODUCTS_DIR; };
		44F6B37528522E02004B295A /* AppDelegate.swift */ = {isa = PBXFileReference; lastKnownFileType = sourcecode.swift; path = AppDelegate.swift; sourceTree = "<group>"; };
		44F6B37728522E02004B295A /* SceneDelegate.swift */ = {isa = PBXFileReference; lastKnownFileType = sourcecode.swift; path = SceneDelegate.swift; sourceTree = "<group>"; };
		44F6B37928522E02004B295A /* ViewController.swift */ = {isa = PBXFileReference; lastKnownFileType = sourcecode.swift; path = ViewController.swift; sourceTree = "<group>"; };
		44F6B37C28522E02004B295A /* Base */ = {isa = PBXFileReference; lastKnownFileType = file.storyboard; name = Base; path = Base.lproj/Main.storyboard; sourceTree = "<group>"; };
		44F6B37E28522E03004B295A /* Assets.xcassets */ = {isa = PBXFileReference; lastKnownFileType = folder.assetcatalog; path = Assets.xcassets; sourceTree = "<group>"; };
		44F6B38128522E03004B295A /* Base */ = {isa = PBXFileReference; lastKnownFileType = file.storyboard; name = Base; path = Base.lproj/LaunchScreen.storyboard; sourceTree = "<group>"; };
		44F6B38328522E03004B295A /* Info.plist */ = {isa = PBXFileReference; lastKnownFileType = text.plist.xml; path = Info.plist; sourceTree = "<group>"; };
		44F6B38828522E03004B295A /* About Me AppTests.xctest */ = {isa = PBXFileReference; explicitFileType = wrapper.cfbundle; includeInIndex = 0; path = "About Me AppTests.xctest"; sourceTree = BUILT_PRODUCTS_DIR; };
		44F6B38C28522E03004B295A /* About_Me_AppTests.swift */ = {isa = PBXFileReference; lastKnownFileType = sourcecode.swift; path = About_Me_AppTests.swift; sourceTree = "<group>"; };
		44F6B39228522E03004B295A /* About Me AppUITests.xctest */ = {isa = PBXFileReference; explicitFileType = wrapper.cfbundle; includeInIndex = 0; path = "About Me AppUITests.xctest"; sourceTree = BUILT_PRODUCTS_DIR; };
		44F6B39628522E03004B295A /* About_Me_AppUITests.swift */ = {isa = PBXFileReference; lastKnownFileType = sourcecode.swift; path = About_Me_AppUITests.swift; sourceTree = "<group>"; };
		44F6B39828522E03004B295A /* About_Me_AppUITestsLaunchTests.swift */ = {isa = PBXFileReference; lastKnownFileType = sourcecode.swift; path = About_Me_AppUITestsLaunchTests.swift; sourceTree = "<group>"; };
/* End PBXFileReference section */

/* Begin PBXFrameworksBuildPhase section */
		44F6B36F28522E01004B295A /* Frameworks */ = {
			isa = PBXFrameworksBuildPhase;
			buildActionMask = 2147483647;
			files = (
			);
			runOnlyForDeploymentPostprocessing = 0;
		};
		44F6B38528522E03004B295A /* Frameworks */ = {
			isa = PBXFrameworksBuildPhase;
			buildActionMask = 2147483647;
			files = (
			);
			runOnlyForDeploymentPostprocessing = 0;
		};
		44F6B38F28522E03004B295A /* Frameworks */ = {
			isa = PBXFrameworksBuildPhase;
			buildActionMask = 2147483647;
			files = (
			);
			runOnlyForDeploymentPostprocessing = 0;
		};
/* End PBXFrameworksBuildPhase section */

/* Begin PBXGroup section */
		44F6B36928522E01004B295A = {
			isa = PBXGroup;
			children = (
				44F6B37428522E01004B295A /* About Me App */,
				44F6B38B28522E03004B295A /* About Me AppTests */,
				44F6B39528522E03004B295A /* About Me AppUITests */,
				44F6B37328522E01004B295A /* Products */,
			);
			sourceTree = "<group>";
		};
		44F6B37328522E01004B295A /* Products */ = {
			isa = PBXGroup;
			children = (
				44F6B37228522E01004B295A /* About Me App.app */,
				44F6B38828522E03004B295A /* About Me AppTests.xctest */,
				44F6B39228522E03004B295A /* About Me AppUITests.xctest */,
			);
			name = Products;
			sourceTree = "<group>";
		};
		44F6B37428522E01004B295A /* About Me App */ = {
			isa = PBXGroup;
			children = (
				44F6B37528522E02004B295A /* AppDelegate.swift */,
				44F6B37728522E02004B295A /* SceneDelegate.swift */,
				44F6B37928522E02004B295A /* ViewController.swift */,
				44F6B37B28522E02004B295A /* Main.storyboard */,
				44F6B37E28522E03004B295A /* Assets.xcassets */,
				44F6B38028522E03004B295A /* LaunchScreen.storyboard */,
				44F6B38328522E03004B295A /* Info.plist */,
			);
			path = "About Me App";
			sourceTree = "<group>";
		};
		44F6B38B28522E03004B295A /* About Me AppTests */ = {
			isa = PBXGroup;
			children = (
				44F6B38C28522E03004B295A /* About_Me_AppTests.swift */,
			);
			path = "About Me AppTests";
			sourceTree = "<group>";
		};
		44F6B39528522E03004B295A /* About Me AppUITests */ = {
			isa = PBXGroup;
			children = (
				44F6B39628522E03004B295A /* About_Me_AppUITests.swift */,
				44F6B39828522E03004B295A /* About_Me_AppUITestsLaunchTests.swift */,
			);
			path = "About Me AppUITests";
			sourceTree = "<group>";
		};
/* End PBXGroup section */

/* Begin PBXNativeTarget section */
		44F6B37128522E01004B295A /* About Me App */ = {
			isa = PBXNativeTarget;
			buildConfigurationList = 44F6B39C28522E03004B295A /* Build configuration list for PBXNativeTarget "About Me App" */;
			buildPhases = (
				44F6B36E28522E01004B295A /* Sources */,
				44F6B36F28522E01004B295A /* Frameworks */,
				44F6B37028522E01004B295A /* Resources */,
			);
			buildRules = (
			);
			dependencies = (
			);
			name = "About Me App";
			productName = "About Me App";
			productReference = 44F6B37228522E01004B295A /* About Me App.app */;
			productType = "com.apple.product-type.application";
		};
		44F6B38728522E03004B295A /* About Me AppTests */ = {
			isa = PBXNativeTarget;
			buildConfigurationList = 44F6B39F28522E03004B295A /* Build configuration list for PBXNativeTarget "About Me AppTests" */;
			buildPhases = (
				44F6B38428522E03004B295A /* Sources */,
				44F6B38528522E03004B295A /* Frameworks */,
				44F6B38628522E03004B295A /* Resources */,
			);
			buildRules = (
			);
			dependencies = (
				44F6B38A28522E03004B295A /* PBXTargetDependency */,
			);
			name = "About Me AppTests";
			productName = "About Me AppTests";
			productReference = 44F6B38828522E03004B295A /* About Me AppTests.xctest */;
			productType = "com.apple.product-type.bundle.unit-test";
		};
		44F6B39128522E03004B295A /* About Me AppUITests */ = {
			isa = PBXNativeTarget;
			buildConfigurationList = 44F6B3A228522E03004B295A /* Build configuration list for PBXNativeTarget "About Me AppUITests" */;
			buildPhases = (
				44F6B38E28522E03004B295A /* Sources */,
				44F6B38F28522E03004B295A /* Frameworks */,
				44F6B39028522E03004B295A /* Resources */,
			);
			buildRules = (
			);
			dependencies = (
				44F6B39428522E03004B295A /* PBXTargetDependency */,
			);
			name = "About Me AppUITests";
			productName = "About Me AppUITests";
			productReference = 44F6B39228522E03004B295A /* About Me AppUITests.xctest */;
			productType = "com.apple.product-type.bundle.ui-testing";
		};
/* End PBXNativeTarget section */

/* Begin PBXProject section */
		44F6B36A28522E01004B295A /* Project object */ = {
			isa = PBXProject;
			attributes = {
				BuildIndependentTargetsInParallel = 1;
				LastSwiftUpdateCheck = 1340;
				LastUpgradeCheck = 1340;
				TargetAttributes = {
					44F6B37128522E01004B295A = {
						CreatedOnToolsVersion = 13.4;
					};
					44F6B38728522E03004B295A = {
						CreatedOnToolsVersion = 13.4;
						TestTargetID = 44F6B37128522E01004B295A;
					};
					44F6B39128522E03004B295A = {
						CreatedOnToolsVersion = 13.4;
						TestTargetID = 44F6B37128522E01004B295A;
					};
				};
			};
			buildConfigurationList = 44F6B36D28522E01004B295A /* Build configuration list for PBXProject "About Me App" */;
			compatibilityVersion = "Xcode 13.0";
			developmentRegion = en;
			hasScannedForEncodings = 0;
			knownRegions = (
				en,
				Base,
			);
			mainGroup = 44F6B36928522E01004B295A;
			productRefGroup = 44F6B37328522E01004B295A /* Products */;
			projectDirPath = "";
			projectRoot = "";
			targets = (
				44F6B37128522E01004B295A /* About Me App */,
				44F6B38728522E03004B295A /* About Me AppTests */,
				44F6B39128522E03004B295A /* About Me AppUITests */,
			);
		};
/* End PBXProject section */

/* Begin PBXResourcesBuildPhase section */
		44F6B37028522E01004B295A /* Resources */ = {
			isa = PBXResourcesBuildPhase;
			buildActionMask = 2147483647;
			files = (
				44F6B38228522E03004B295A /* LaunchScreen.storyboard in Resources */,
				44F6B37F28522E03004B295A /* Assets.xcassets in Resources */,
				44F6B37D28522E02004B295A /* Main.storyboard in Resources */,
			);
			runOnlyForDeploymentPostprocessing = 0;
		};
		44F6B38628522E03004B295A /* Resources */ = {
			isa = PBXResourcesBuildPhase;
			buildActionMask = 2147483647;
			files = (
			);
			runOnlyForDeploymentPostprocessing = 0;
		};
		44F6B39028522E03004B295A /* Resources */ = {
			isa = PBXResourcesBuildPhase;
			buildActionMask = 2147483647;
			files = (
			);
			runOnlyForDeploymentPostprocessing = 0;
		};
/* End PBXResourcesBuildPhase section */

/* Begin PBXSourcesBuildPhase section */
		44F6B36E28522E01004B295A /* Sources */ = {
			isa = PBXSourcesBuildPhase;
			buildActionMask = 2147483647;
			files = (
				44F6B37A28522E02004B295A /* ViewController.swift in Sources */,
				44F6B37628522E02004B295A /* AppDelegate.swift in Sources */,
				44F6B37828522E02004B295A /* SceneDelegate.swift in Sources */,
			);
			runOnlyForDeploymentPostprocessing = 0;
		};
		44F6B38428522E03004B295A /* Sources */ = {
			isa = PBXSourcesBuildPhase;
			buildActionMask = 2147483647;
			files = (
				44F6B38D28522E03004B295A /* About_Me_AppTests.swift in Sources */,
			);
			runOnlyForDeploymentPostprocessing = 0;
		};
		44F6B38E28522E03004B295A /* Sources */ = {
			isa = PBXSourcesBuildPhase;
			buildActionMask = 2147483647;
			files = (
				44F6B39928522E03004B295A /* About_Me_AppUITestsLaunchTests.swift in Sources */,
				44F6B39728522E03004B295A /* About_Me_AppUITests.swift in Sources */,
			);
			runOnlyForDeploymentPostprocessing = 0;
		};
/* End PBXSourcesBuildPhase section */

/* Begin PBXTargetDependency section */
		44F6B38A28522E03004B295A /* PBXTargetDependency */ = {
			isa = PBXTargetDependency;
			target = 44F6B37128522E01004B295A /* About Me App */;
			targetProxy = 44F6B38928522E03004B295A /* PBXContainerItemProxy */;
		};
		44F6B39428522E03004B295A /* PBXTargetDependency */ = {
			isa = PBXTargetDependency;
			target = 44F6B37128522E01004B295A /* About Me App */;
			targetProxy = 44F6B39328522E03004B295A /* PBXContainerItemProxy */;
		};
/* End PBXTargetDependency section */

/* Begin PBXVariantGroup section */
		44F6B37B28522E02004B295A /* Main.storyboard */ = {
			isa = PBXVariantGroup;
			children = (
				44F6B37C28522E02004B295A /* Base */,
			);
			name = Main.storyboard;
			sourceTree = "<group>";
		};
		44F6B38028522E03004B295A /* LaunchScreen.storyboard */ = {
			isa = PBXVariantGroup;
			children = (
				44F6B38128522E03004B295A /* Base */,
			);
			name = LaunchScreen.storyboard;
			sourceTree = "<group>";
		};
/* End PBXVariantGroup section */

/* Begin XCBuildConfiguration section */
		44F6B39A28522E03004B295A /* Debug */ = {
			isa = XCBuildConfiguration;
			buildSettings = {
				ALWAYS_SEARCH_USER_PATHS = NO;
				CLANG_ANALYZER_NONNULL = YES;
				CLANG_ANALYZER_NUMBER_OBJECT_CONVERSION = YES_AGGRESSIVE;
				CLANG_CXX_LANGUAGE_STANDARD = "gnu++17";
				CLANG_ENABLE_MODULES = YES;
				CLANG_ENABLE_OBJC_ARC = YES;
				CLANG_ENABLE_OBJC_WEAK = YES;
				CLANG_WARN_BLOCK_CAPTURE_AUTORELEASING = YES;
				CLANG_WARN_BOOL_CONVERSION = YES;
				CLANG_WARN_COMMA = YES;
				CLANG_WARN_CONSTANT_CONVERSION = YES;
				CLANG_WARN_DEPRECATED_OBJC_IMPLEMENTATIONS = YES;
				CLANG_WARN_DIRECT_OBJC_ISA_USAGE = YES_ERROR;
				CLANG_WARN_DOCUMENTATION_COMMENTS = YES;
				CLANG_WARN_EMPTY_BODY = YES;
				CLANG_WARN_ENUM_CONVERSION = YES;
				CLANG_WARN_INFINITE_RECURSION = YES;
				CLANG_WARN_INT_CONVERSION = YES;
				CLANG_WARN_NON_LITERAL_NULL_CONVERSION = YES;
				CLANG_WARN_OBJC_IMPLICIT_RETAIN_SELF = YES;
				CLANG_WARN_OBJC_LITERAL_CONVERSION = YES;
				CLANG_WARN_OBJC_ROOT_CLASS = YES_ERROR;
				CLANG_WARN_QUOTED_INCLUDE_IN_FRAMEWORK_HEADER = YES;
				CLANG_WARN_RANGE_LOOP_ANALYSIS = YES;
				CLANG_WARN_STRICT_PROTOTYPES = YES;
				CLANG_WARN_SUSPICIOUS_MOVE = YES;
				CLANG_WARN_UNGUARDED_AVAILABILITY = YES_AGGRESSIVE;
				CLANG_WARN_UNREACHABLE_CODE = YES;
				CLANG_WARN__DUPLICATE_METHOD_MATCH = YES;
				COPY_PHASE_STRIP = NO;
				DEBUG_INFORMATION_FORMAT = dwarf;
				ENABLE_STRICT_OBJC_MSGSEND = YES;
				ENABLE_TESTABILITY = YES;
				GCC_C_LANGUAGE_STANDARD = gnu11;
				GCC_DYNAMIC_NO_PIC = NO;
				GCC_NO_COMMON_BLOCKS = YES;
				GCC_OPTIMIZATION_LEVEL = 0;
				GCC_PREPROCESSOR_DEFINITIONS = (
					"DEBUG=1",
					"$(inherited)",
				);
				GCC_WARN_64_TO_32_BIT_CONVERSION = YES;
				GCC_WARN_ABOUT_RETURN_TYPE = YES_ERROR;
				GCC_WARN_UNDECLARED_SELECTOR = YES;
				GCC_WARN_UNINITIALIZED_AUTOS = YES_AGGRESSIVE;
				GCC_WARN_UNUSED_FUNCTION = YES;
				GCC_WARN_UNUSED_VARIABLE = YES;
				IPHONEOS_DEPLOYMENT_TARGET = 15.5;
				MTL_ENABLE_DEBUG_INFO = INCLUDE_SOURCE;
				MTL_FAST_MATH = YES;
				ONLY_ACTIVE_ARCH = YES;
				SDKROOT = iphoneos;
				SWIFT_ACTIVE_COMPILATION_CONDITIONS = DEBUG;
				SWIFT_OPTIMIZATION_LEVEL = "-Onone";
			};
			name = Debug;
		};
		44F6B39B28522E03004B295A /* Release */ = {
			isa = XCBuildConfiguration;
			buildSettings = {
				ALWAYS_SEARCH_USER_PATHS = NO;
				CLANG_ANALYZER_NONNULL = YES;
				CLANG_ANALYZER_NUMBER_OBJECT_CONVERSION = YES_AGGRESSIVE;
				CLANG_CXX_LANGUAGE_STANDARD = "gnu++17";
				CLANG_ENABLE_MODULES = YES;
				CLANG_ENABLE_OBJC_ARC = YES;
				CLANG_ENABLE_OBJC_WEAK = YES;
				CLANG_WARN_BLOCK_CAPTURE_AUTORELEASING = YES;
				CLANG_WARN_BOOL_CONVERSION = YES;
				CLANG_WARN_COMMA = YES;
				CLANG_WARN_CONSTANT_CONVERSION = YES;
				CLANG_WARN_DEPRECATED_OBJC_IMPLEMENTATIONS = YES;
				CLANG_WARN_DIRECT_OBJC_ISA_USAGE = YES_ERROR;
				CLANG_WARN_DOCUMENTATION_COMMENTS = YES;
				CLANG_WARN_EMPTY_BODY = YES;
				CLANG_WARN_ENUM_CONVERSION = YES;
				CLANG_WARN_INFINITE_RECURSION = YES;
				CLANG_WARN_INT_CONVERSION = YES;
				CLANG_WARN_NON_LITERAL_NULL_CONVERSION = YES;
				CLANG_WARN_OBJC_IMPLICIT_RETAIN_SELF = YES;
				CLANG_WARN_OBJC_LITERAL_CONVERSION = YES;
				CLANG_WARN_OBJC_ROOT_CLASS = YES_ERROR;
				CLANG_WARN_QUOTED_INCLUDE_IN_FRAMEWORK_HEADER = YES;
				CLANG_WARN_RANGE_LOOP_ANALYSIS = YES;
				CLANG_WARN_STRICT_PROTOTYPES = YES;
				CLANG_WARN_SUSPICIOUS_MOVE = YES;
				CLANG_WARN_UNGUARDED_AVAILABILITY = YES_AGGRESSIVE;
				CLANG_WARN_UNREACHABLE_CODE = YES;
				CLANG_WARN__DUPLICATE_METHOD_MATCH = YES;
				COPY_PHASE_STRIP = NO;
				DEBUG_INFORMATION_FORMAT = "dwarf-with-dsym";
				ENABLE_NS_ASSERTIONS = NO;
				ENABLE_STRICT_OBJC_MSGSEND = YES;
				GCC_C_LANGUAGE_STANDARD = gnu11;
				GCC_NO_COMMON_BLOCKS = YES;
				GCC_WARN_64_TO_32_BIT_CONVERSION = YES;
				GCC_WARN_ABOUT_RETURN_TYPE = YES_ERROR;
				GCC_WARN_UNDECLARED_SELECTOR = YES;
				GCC_WARN_UNINITIALIZED_AUTOS = YES_AGGRESSIVE;
				GCC_WARN_UNUSED_FUNCTION = YES;
				GCC_WARN_UNUSED_VARIABLE = YES;
				IPHONEOS_DEPLOYMENT_TARGET = 15.5;
				MTL_ENABLE_DEBUG_INFO = NO;
				MTL_FAST_MATH = YES;
				SDKROOT = iphoneos;
				SWIFT_COMPILATION_MODE = wholemodule;
				SWIFT_OPTIMIZATION_LEVEL = "-O";
				VALIDATE_PRODUCT = YES;
			};
			name = Release;
		};
		44F6B39D28522E03004B295A /* Debug */ = {
			isa = XCBuildConfiguration;
			buildSettings = {
				ASSETCATALOG_COMPILER_APPICON_NAME = AppIcon;
				ASSETCATALOG_COMPILER_GLOBAL_ACCENT_COLOR_NAME = AccentColor;
				CODE_SIGN_STYLE = Automatic;
				CURRENT_PROJECT_VERSION = 1;
				GENERATE_INFOPLIST_FILE = YES;
				INFOPLIST_FILE = "About Me App/Info.plist";
				INFOPLIST_KEY_UIApplicationSupportsIndirectInputEvents = YES;
				INFOPLIST_KEY_UILaunchStoryboardName = LaunchScreen;
				INFOPLIST_KEY_UIMainStoryboardFile = Main;
				INFOPLIST_KEY_UISupportedInterfaceOrientations_iPad = "UIInterfaceOrientationPortrait UIInterfaceOrientationPortraitUpsideDown UIInterfaceOrientationLandscapeLeft UIInterfaceOrientationLandscapeRight";
				INFOPLIST_KEY_UISupportedInterfaceOrientations_iPhone = "UIInterfaceOrientationPortrait UIInterfaceOrientationLandscapeLeft UIInterfaceOrientationLandscapeRight";
				LD_RUNPATH_SEARCH_PATHS = (
					"$(inherited)",
					"@executable_path/Frameworks",
				);
				MARKETING_VERSION = 1.0;
				PRODUCT_BUNDLE_IDENTIFIER = "NhiHuynh.About-Me-App";
				PRODUCT_NAME = "$(TARGET_NAME)";
				SWIFT_EMIT_LOC_STRINGS = YES;
				SWIFT_VERSION = 5.0;
				TARGETED_DEVICE_FAMILY = "1,2";
			};
			name = Debug;
		};
		44F6B39E28522E03004B295A /* Release */ = {
			isa = XCBuildConfiguration;
			buildSettings = {
				ASSETCATALOG_COMPILER_APPICON_NAME = AppIcon;
				ASSETCATALOG_COMPILER_GLOBAL_ACCENT_COLOR_NAME = AccentColor;
				CODE_SIGN_STYLE = Automatic;
				CURRENT_PROJECT_VERSION = 1;
				GENERATE_INFOPLIST_FILE = YES;
				INFOPLIST_FILE = "About Me App/Info.plist";
				INFOPLIST_KEY_UIApplicationSupportsIndirectInputEvents = YES;
				INFOPLIST_KEY_UILaunchStoryboardName = LaunchScreen;
				INFOPLIST_KEY_UIMainStoryboardFile = Main;
				INFOPLIST_KEY_UISupportedInterfaceOrientations_iPad = "UIInterfaceOrientationPortrait UIInterfaceOrientationPortraitUpsideDown UIInterfaceOrientationLandscapeLeft UIInterfaceOrientationLandscapeRight";
				INFOPLIST_KEY_UISupportedInterfaceOrientations_iPhone = "UIInterfaceOrientationPortrait UIInterfaceOrientationLandscapeLeft UIInterfaceOrientationLandscapeRight";
				LD_RUNPATH_SEARCH_PATHS = (
					"$(inherited)",
					"@executable_path/Frameworks",
				);
				MARKETING_VERSION = 1.0;
				PRODUCT_BUNDLE_IDENTIFIER = "NhiHuynh.About-Me-App";
				PRODUCT_NAME = "$(TARGET_NAME)";
				SWIFT_EMIT_LOC_STRINGS = YES;
				SWIFT_VERSION = 5.0;
				TARGETED_DEVICE_FAMILY = "1,2";
			};
			name = Release;
		};
		44F6B3A028522E03004B295A /* Debug */ = {
			isa = XCBuildConfiguration;
			buildSettings = {
				ALWAYS_EMBED_SWIFT_STANDARD_LIBRARIES = YES;
				BUNDLE_LOADER = "$(TEST_HOST)";
				CODE_SIGN_STYLE = Automatic;
				CURRENT_PROJECT_VERSION = 1;
				GENERATE_INFOPLIST_FILE = YES;
				IPHONEOS_DEPLOYMENT_TARGET = 15.5;
				MARKETING_VERSION = 1.0;
				PRODUCT_BUNDLE_IDENTIFIER = "NhiHuynh.About-Me-AppTests";
				PRODUCT_NAME = "$(TARGET_NAME)";
				SWIFT_EMIT_LOC_STRINGS = NO;
				SWIFT_VERSION = 5.0;
				TARGETED_DEVICE_FAMILY = "1,2";
				TEST_HOST = "$(BUILT_PRODUCTS_DIR)/About Me App.app/About Me App";
			};
			name = Debug;
		};
		44F6B3A128522E03004B295A /* Release */ = {
			isa = XCBuildConfiguration;
			buildSettings = {
				ALWAYS_EMBED_SWIFT_STANDARD_LIBRARIES = YES;
				BUNDLE_LOADER = "$(TEST_HOST)";
				CODE_SIGN_STYLE = Automatic;
				CURRENT_PROJECT_VERSION = 1;
				GENERATE_INFOPLIST_FILE = YES;
				IPHONEOS_DEPLOYMENT_TARGET = 15.5;
				MARKETING_VERSION = 1.0;
				PRODUCT_BUNDLE_IDENTIFIER = "NhiHuynh.About-Me-AppTests";
				PRODUCT_NAME = "$(TARGET_NAME)";
				SWIFT_EMIT_LOC_STRINGS = NO;
				SWIFT_VERSION = 5.0;
				TARGETED_DEVICE_FAMILY = "1,2";
				TEST_HOST = "$(BUILT_PRODUCTS_DIR)/About Me App.app/About Me App";
			};
			name = Release;
		};
		44F6B3A328522E03004B295A /* Debug */ = {
			isa = XCBuildConfiguration;
			buildSettings = {
				ALWAYS_EMBED_SWIFT_STANDARD_LIBRARIES = YES;
				CODE_SIGN_STYLE = Automatic;
				CURRENT_PROJECT_VERSION = 1;
				GENERATE_INFOPLIST_FILE = YES;
				MARKETING_VERSION = 1.0;
				PRODUCT_BUNDLE_IDENTIFIER = "NhiHuynh.About-Me-AppUITests";
				PRODUCT_NAME = "$(TARGET_NAME)";
				SWIFT_EMIT_LOC_STRINGS = NO;
				SWIFT_VERSION = 5.0;
				TARGETED_DEVICE_FAMILY = "1,2";
				TEST_TARGET_NAME = "About Me App";
			};
			name = Debug;
		};
		44F6B3A428522E03004B295A /* Release */ = {
			isa = XCBuildConfiguration;
			buildSettings = {
				ALWAYS_EMBED_SWIFT_STANDARD_LIBRARIES = YES;
				CODE_SIGN_STYLE = Automatic;
				CURRENT_PROJECT_VERSION = 1;
				GENERATE_INFOPLIST_FILE = YES;
				MARKETING_VERSION = 1.0;
				PRODUCT_BUNDLE_IDENTIFIER = "NhiHuynh.About-Me-AppUITests";
				PRODUCT_NAME = "$(TARGET_NAME)";
				SWIFT_EMIT_LOC_STRINGS = NO;
				SWIFT_VERSION = 5.0;
				TARGETED_DEVICE_FAMILY = "1,2";
				TEST_TARGET_NAME = "About Me App";
			};
			name = Release;
		};
/* End XCBuildConfiguration section */

/* Begin XCConfigurationList section */
		44F6B36D28522E01004B295A /* Build configuration list for PBXProject "About Me App" */ = {
			isa = XCConfigurationList;
			buildConfigurations = (
				44F6B39A28522E03004B295A /* Debug */,
				44F6B39B28522E03004B295A /* Release */,
			);
			defaultConfigurationIsVisible = 0;
			defaultConfigurationName = Release;
		};
		44F6B39C28522E03004B295A /* Build configuration list for PBXNativeTarget "About Me App" */ = {
			isa = XCConfigurationList;
			buildConfigurations = (
				44F6B39D28522E03004B295A /* Debug */,
				44F6B39E28522E03004B295A /* Release */,
			);
			defaultConfigurationIsVisible = 0;
			defaultConfigurationName = Release;
		};
		44F6B39F28522E03004B295A /* Build configuration list for PBXNativeTarget "About Me AppTests" */ = {
			isa = XCConfigurationList;
			buildConfigurations = (
				44F6B3A028522E03004B295A /* Debug */,
				44F6B3A128522E03004B295A /* Release */,
			);
			defaultConfigurationIsVisible = 0;
			defaultConfigurationName = Release;
		};
		44F6B3A228522E03004B295A /* Build configuration list for PBXNativeTarget "About Me AppUITests" */ = {
			isa = XCConfigurationList;
			buildConfigurations = (
				44F6B3A328522E03004B295A /* Debug */,
				44F6B3A428522E03004B295A /* Release */,
			);
			defaultConfigurationIsVisible = 0;
			defaultConfigurationName = Release;
		};
/* End XCConfigurationList section */
	};
	rootObject = 44F6B36A28522E01004B295A /* Project object */;
}
